
Microsoft Visual Studio Solution File, Format Version 12.00
# Visual Studio Version 16
VisualStudioVersion = 16.0.29806.167
MinimumVisualStudioVersion = 10.0.40219.1
Project("{FAE04EC0-301F-11D3-BF4B-00C04F79EFBC}") = "CheckVersionApp.Android", "CheckVersionApp\CheckVersionApp.Android\CheckVersionApp.Android.csproj", "{07B5BA38-DA4B-4A02-851C-7648A8DD8CA9}"
EndProject
Project("{FAE04EC0-301F-11D3-BF4B-00C04F79EFBC}") = "CheckVersionApp.iOS", "CheckVersionApp\CheckVersionApp.iOS\CheckVersionApp.iOS.csproj", "{3DEB8636-3C06-4BC7-AC77-B6BC174E42C1}"
EndProject
Project("{FAE04EC0-301F-11D3-BF4B-00C04F79EFBC}") = "CheckVersionApp", "CheckVersionApp\CheckVersionApp\CheckVersionApp.csproj", "{34CCC95C-68D3-4E1D-BD4A-50FE102E5322}"
EndProject
Global
	GlobalSection(SolutionConfigurationPlatforms) = preSolution
		Debug|Any CPU = Debug|Any CPU
		Debug|iPhone = Debug|iPhone
		Debug|iPhoneSimulator = Debug|iPhoneSimulator
		Release|Any CPU = Release|Any CPU
		Release|iPhone = Release|iPhone
		Release|iPhoneSimulator = Release|iPhoneSimulator
	EndGlobalSection
	GlobalSection(ProjectConfigurationPlatforms) = postSolution
		{07B5BA38-DA4B-4A02-851C-7648A8DD8CA9}.Debug|Any CPU.ActiveCfg = Debug|Any CPU
		{07B5BA38-DA4B-4A02-851C-7648A8DD8CA9}.Debug|Any CPU.Build.0 = Debug|Any CPU
		{07B5BA38-DA4B-4A02-851C-7648A8DD8CA9}.Debug|Any CPU.Deploy.0 = Debug|Any CPU
		{07B5BA38-DA4B-4A02-851C-7648A8DD8CA9}.Debug|iPhone.ActiveCfg = Debug|Any CPU
		{07B5BA38-DA4B-4A02-851C-7648A8DD8CA9}.Debug|iPhone.Build.0 = Debug|Any CPU
		{07B5BA38-DA4B-4A02-851C-7648A8DD8CA9}.Debug|iPhone.Deploy.0 = Debug|Any CPU
		{07B5BA38-DA4B-4A02-851C-7648A8DD8CA9}.Debug|iPhoneSimulator.ActiveCfg = Debug|Any CPU
		{07B5BA38-DA4B-4A02-851C-7648A8DD8CA9}.Debug|iPhoneSimulator.Build.0 = Debug|Any CPU
		{07B5BA38-DA4B-4A02-851C-7648A8DD8CA9}.Debug|iPhoneSimulator.Deploy.0 = Debug|Any CPU
		{07B5BA38-DA4B-4A02-851C-7648A8DD8CA9}.Release|Any CPU.ActiveCfg = Release|Any CPU
		{07B5BA38-DA4B-4A02-851C-7648A8DD8CA9}.Release|Any CPU.Build.0 = Release|Any CPU
		{07B5BA38-DA4B-4A02-851C-7648A8DD8CA9}.Release|Any CPU.Deploy.0 = Release|Any CPU
		{07B5BA38-DA4B-4A02-851C-7648A8DD8CA9}.Release|iPhone.ActiveCfg = Release|Any CPU
		{07B5BA38-DA4B-4A02-851C-7648A8DD8CA9}.Release|iPhone.Build.0 = Release|Any CPU
		{07B5BA38-DA4B-4A02-851C-7648A8DD8CA9}.Release|iPhone.Deploy.0 = Release|Any CPU
		{07B5BA38-DA4B-4A02-851C-7648A8DD8CA9}.Release|iPhoneSimulator.ActiveCfg = Release|Any CPU
		{07B5BA38-DA4B-4A02-851C-7648A8DD8CA9}.Release|iPhoneSimulator.Build.0 = Release|Any CPU
		{07B5BA38-DA4B-4A02-851C-7648A8DD8CA9}.Release|iPhoneSimulator.Deploy.0 = Release|Any CPU
		{3DEB8636-3C06-4BC7-AC77-B6BC174E42C1}.Debug|Any CPU.ActiveCfg = Debug|iPhoneSimulator
		{3DEB8636-3C06-4BC7-AC77-B6BC174E42C1}.Debug|Any CPU.Build.0 = Debug|iPhoneSimulator
		{3DEB8636-3C06-4BC7-AC77-B6BC174E42C1}.Debug|Any CPU.Deploy.0 = Debug|iPhoneSimulator
		{3DEB8636-3C06-4BC7-AC77-B6BC174E42C1}.Debug|iPhone.ActiveCfg = Debug|iPhone
		{3DEB8636-3C06-4BC7-AC77-B6BC174E42C1}.Debug|iPhone.Build.0 = Debug|iPhone
		{3DEB8636-3C06-4BC7-AC77-B6BC174E42C1}.Debug|iPhone.Deploy.0 = Debug|iPhone
		{3DEB8636-3C06-4BC7-AC77-B6BC174E42C1}.Debug|iPhoneSimulator.ActiveCfg = Debug|iPhoneSimulator
		{3DEB8636-3C06-4BC7-AC77-B6BC174E42C1}.Debug|iPhoneSimulator.Build.0 = Debug|iPhoneSimulator
		{3DEB8636-3C06-4BC7-AC77-B6BC174E42C1}.Debug|iPhoneSimulator.Deploy.0 = Debug|iPhoneSimulator
		{3DEB8636-3C06-4BC7-AC77-B6BC174E42C1}.Release|Any CPU.ActiveCfg = Release|iPhone
		{3DEB8636-3C06-4BC7-AC77-B6BC174E42C1}.Release|Any CPU.Build.0 = Release|iPhone
		{3DEB8636-3C06-4BC7-AC77-B6BC174E42C1}.Release|Any CPU.Deploy.0 = Release|iPhone
		{3DEB8636-3C06-4BC7-AC77-B6BC174E42C1}.Release|iPhone.ActiveCfg = Release|iPhone
		{3DEB8636-3C06-4BC7-AC77-B6BC174E42C1}.Release|iPhone.Build.0 = Release|iPhone
		{3DEB8636-3C06-4BC7-AC77-B6BC174E42C1}.Release|iPhone.Deploy.0 = Release|iPhone
		{3DEB8636-3C06-4BC7-AC77-B6BC174E42C1}.Release|iPhoneSimulator.ActiveCfg = Release|iPhoneSimulator
		{3DEB8636-3C06-4BC7-AC77-B6BC174E42C1}.Release|iPhoneSimulator.Build.0 = Release|iPhoneSimulator
		{3DEB8636-3C06-4BC7-AC77-B6BC174E42C1}.Release|iPhoneSimulator.Deploy.0 = Release|iPhoneSimulator
		{34CCC95C-68D3-4E1D-BD4A-50FE102E5322}.Debug|Any CPU.ActiveCfg = Debug|Any CPU
		{34CCC95C-68D3-4E1D-BD4A-50FE102E5322}.Debug|Any CPU.Build.0 = Debug|Any CPU
		{34CCC95C-68D3-4E1D-BD4A-50FE102E5322}.Debug|Any CPU.Deploy.0 = Debug|Any CPU
		{34CCC95C-68D3-4E1D-BD4A-50FE102E5322}.Debug|iPhone.ActiveCfg = Debug|Any CPU
		{34CCC95C-68D3-4E1D-BD4A-50FE102E5322}.Debug|iPhone.Build.0 = Debug|Any CPU
		{34CCC95C-68D3-4E1D-BD4A-50FE102E5322}.Debug|iPhone.Deploy.0 = Debug|Any CPU
		{34CCC95C-68D3-4E1D-BD4A-50FE102E5322}.Debug|iPhoneSimulator.ActiveCfg = Debug|Any CPU
		{34CCC95C-68D3-4E1D-BD4A-50FE102E5322}.Debug|iPhoneSimulator.Build.0 = Debug|Any CPU
		{34CCC95C-68D3-4E1D-BD4A-50FE102E5322}.Debug|iPhoneSimulator.Deploy.0 = Debug|Any CPU
		{34CCC95C-68D3-4E1D-BD4A-50FE102E5322}.Release|Any CPU.ActiveCfg = Release|Any CPU
		{34CCC95C-68D3-4E1D-BD4A-50FE102E5322}.Release|Any CPU.Build.0 = Release|Any CPU
		{34CCC95C-68D3-4E1D-BD4A-50FE102E5322}.Release|Any CPU.Deploy.0 = Release|Any CPU
		{34CCC95C-68D3-4E1D-BD4A-50FE102E5322}.Release|iPhone.ActiveCfg = Release|Any CPU
		{34CCC95C-68D3-4E1D-BD4A-50FE102E5322}.Release|iPhone.Build.0 = Release|Any CPU
		{34CCC95C-68D3-4E1D-BD4A-50FE102E5322}.Release|iPhone.Deploy.0 = Release|Any CPU
		{34CCC95C-68D3-4E1D-BD4A-50FE102E5322}.Release|iPhoneSimulator.ActiveCfg = Release|Any CPU
		{34CCC95C-68D3-4E1D-BD4A-50FE102E5322}.Release|iPhoneSimulator.Build.0 = Release|Any CPU
		{34CCC95C-68D3-4E1D-BD4A-50FE102E5322}.Release|iPhoneSimulator.Deploy.0 = Release|Any CPU
	EndGlobalSection
	GlobalSection(SolutionProperties) = preSolution
		HideSolutionNode = FALSE
	EndGlobalSection
	GlobalSection(ExtensibilityGlobals) = postSolution
		SolutionGuid = {BCD0AAB2-6157-49BC-85E1-CD5A92C8C663}
	EndGlobalSection
EndGlobal
